
Microsoft Visual Studio Solution File, Format Version 12.00
# Visual Studio Version 17
VisualStudioVersion = 17.5.33516.290
MinimumVisualStudioVersion = 10.0.40219.1
Project("{FAE04EC0-301F-11D3-BF4B-00C04F79EFBC}") = "RentingCarsApi", "RentingCarsApi\RentingCarsApi.csproj", "{064E89C9-D822-463C-A06C-35BE28434C2B}"
EndProject
Global
	GlobalSection(SolutionConfigurationPlatforms) = preSolution
		Debug|Any CPU = Debug|Any CPU
		Release|Any CPU = Release|Any CPU
	EndGlobalSection
	GlobalSection(ProjectConfigurationPlatforms) = postSolution
		{064E89C9-D822-463C-A06C-35BE28434C2B}.Debug|Any CPU.ActiveCfg = Debug|Any CPU
		{064E89C9-D822-463C-A06C-35BE28434C2B}.Debug|Any CPU.Build.0 = Debug|Any CPU
		{064E89C9-D822-463C-A06C-35BE28434C2B}.Release|Any CPU.ActiveCfg = Release|Any CPU
		{064E89C9-D822-463C-A06C-35BE28434C2B}.Release|Any CPU.Build.0 = Release|Any CPU
	EndGlobalSection
	GlobalSection(SolutionProperties) = preSolution
		HideSolutionNode = FALSE
	EndGlobalSection
	GlobalSection(ExtensibilityGlobals) = postSolution
		SolutionGuid = {140500DE-2269-4579-9031-0962F68732FF}
	EndGlobalSection
EndGlobal
